
Microsoft Visual Studio Solution File, Format Version 12.00
# Visual Studio Version 16
VisualStudioVersion = 16.0.29519.87
MinimumVisualStudioVersion = 10.0.40219.1
Project("{9A19103F-16F7-4668-BE54-9A1E7A4F7556}") = "IdentityServer4Test", "IdentityServer4Test\IdentityServer4Test.csproj", "{EA9E75FC-F882-4F06-94F3-406945797EE3}"
EndProject
Project("{9A19103F-16F7-4668-BE54-9A1E7A4F7556}") = "ExternalAppClient", "ExternalAppClient\ExternalAppClient.csproj", "{F3199880-B3D9-4A5E-9614-000AD0DBC056}"
EndProject
Project("{9A19103F-16F7-4668-BE54-9A1E7A4F7556}") = "MvcApp", "MvcApp\MvcApp.csproj", "{8D891902-AE9E-41F5-B1CC-3888F8F3A44F}"
EndProject
Project("{FAE04EC0-301F-11D3-BF4B-00C04F79EFBC}") = "IdentityServerMvc", "IdentityServerMvc\IdentityServerMvc.csproj", "{95687592-9B0E-4953-9D0C-52C322454788}"
EndProject
Global
	GlobalSection(SolutionConfigurationPlatforms) = preSolution
		Debug|Any CPU = Debug|Any CPU
		Release|Any CPU = Release|Any CPU
	EndGlobalSection
	GlobalSection(ProjectConfigurationPlatforms) = postSolution
		{EA9E75FC-F882-4F06-94F3-406945797EE3}.Debug|Any CPU.ActiveCfg = Debug|Any CPU
		{EA9E75FC-F882-4F06-94F3-406945797EE3}.Debug|Any CPU.Build.0 = Debug|Any CPU
		{EA9E75FC-F882-4F06-94F3-406945797EE3}.Release|Any CPU.ActiveCfg = Release|Any CPU
		{EA9E75FC-F882-4F06-94F3-406945797EE3}.Release|Any CPU.Build.0 = Release|Any CPU
		{F3199880-B3D9-4A5E-9614-000AD0DBC056}.Debug|Any CPU.ActiveCfg = Debug|Any CPU
		{F3199880-B3D9-4A5E-9614-000AD0DBC056}.Debug|Any CPU.Build.0 = Debug|Any CPU
		{F3199880-B3D9-4A5E-9614-000AD0DBC056}.Release|Any CPU.ActiveCfg = Release|Any CPU
		{F3199880-B3D9-4A5E-9614-000AD0DBC056}.Release|Any CPU.Build.0 = Release|Any CPU
		{8D891902-AE9E-41F5-B1CC-3888F8F3A44F}.Debug|Any CPU.ActiveCfg = Debug|Any CPU
		{8D891902-AE9E-41F5-B1CC-3888F8F3A44F}.Debug|Any CPU.Build.0 = Debug|Any CPU
		{8D891902-AE9E-41F5-B1CC-3888F8F3A44F}.Release|Any CPU.ActiveCfg = Release|Any CPU
		{8D891902-AE9E-41F5-B1CC-3888F8F3A44F}.Release|Any CPU.Build.0 = Release|Any CPU
		{95687592-9B0E-4953-9D0C-52C322454788}.Debug|Any CPU.ActiveCfg = Debug|Any CPU
		{95687592-9B0E-4953-9D0C-52C322454788}.Debug|Any CPU.Build.0 = Debug|Any CPU
		{95687592-9B0E-4953-9D0C-52C322454788}.Release|Any CPU.ActiveCfg = Release|Any CPU
		{95687592-9B0E-4953-9D0C-52C322454788}.Release|Any CPU.Build.0 = Release|Any CPU
	EndGlobalSection
	GlobalSection(SolutionProperties) = preSolution
		HideSolutionNode = FALSE
	EndGlobalSection
	GlobalSection(ExtensibilityGlobals) = postSolution
		SolutionGuid = {28BCF494-2411-4D21-88D9-9837E005E80D}
	EndGlobalSection
EndGlobal
