
Microsoft Visual Studio Solution File, Format Version 12.00
# Visual Studio Version 16
VisualStudioVersion = 16.0.29519.87
MinimumVisualStudioVersion = 10.0.40219.1
Project("{FAE04EC0-301F-11D3-BF4B-00C04F79EFBC}") = "IdentityServer4Test", "IdentityServer4Test\IdentityServer4Test.csproj", "{EA9E75FC-F882-4F06-94F3-406945797EE3}"
EndProject
Project("{9A19103F-16F7-4668-BE54-9A1E7A4F7556}") = "IdentityServer", "IdentityServer\IdentityServer.csproj", "{0928C85F-A673-44D0-B578-E70B2DA17F7B}"
EndProject
Global
	GlobalSection(SolutionConfigurationPlatforms) = preSolution
		Debug|Any CPU = Debug|Any CPU
		Release|Any CPU = Release|Any CPU
	EndGlobalSection
	GlobalSection(ProjectConfigurationPlatforms) = postSolution
		{EA9E75FC-F882-4F06-94F3-406945797EE3}.Debug|Any CPU.ActiveCfg = Debug|Any CPU
		{EA9E75FC-F882-4F06-94F3-406945797EE3}.Debug|Any CPU.Build.0 = Debug|Any CPU
		{EA9E75FC-F882-4F06-94F3-406945797EE3}.Release|Any CPU.ActiveCfg = Release|Any CPU
		{EA9E75FC-F882-4F06-94F3-406945797EE3}.Release|Any CPU.Build.0 = Release|Any CPU
		{0928C85F-A673-44D0-B578-E70B2DA17F7B}.Debug|Any CPU.ActiveCfg = Debug|Any CPU
		{0928C85F-A673-44D0-B578-E70B2DA17F7B}.Debug|Any CPU.Build.0 = Debug|Any CPU
		{0928C85F-A673-44D0-B578-E70B2DA17F7B}.Release|Any CPU.ActiveCfg = Release|Any CPU
		{0928C85F-A673-44D0-B578-E70B2DA17F7B}.Release|Any CPU.Build.0 = Release|Any CPU
	EndGlobalSection
	GlobalSection(SolutionProperties) = preSolution
		HideSolutionNode = FALSE
	EndGlobalSection
	GlobalSection(ExtensibilityGlobals) = postSolution
		SolutionGuid = {28BCF494-2411-4D21-88D9-9837E005E80D}
	EndGlobalSection
EndGlobal
